Microsoft Visual Studio Solution File, Format Version 12.00
# Visual Studio Version 17
VisualStudioVersion = 17.5.2.0
MinimumVisualStudioVersion = 10.0.40219.1
Project("{FAE04EC0-301F-11D3-BF4B-00C04F79EFBC}") = "WineCellarAPI", "WineCellarAPI.csproj", "{10D51188-2AD2-79BD-808B-C0C8CA5FB477}"
EndProject
Global
	GlobalSection(SolutionConfigurationPlatforms) = preSolution
		Debug|Any CPU = Debug|Any CPU
		Release|Any CPU = Release|Any CPU
	EndGlobalSection
	GlobalSection(ProjectConfigurationPlatforms) = postSolution
		{10D51188-2AD2-79BD-808B-C0C8CA5FB477}.Debug|Any CPU.ActiveCfg = Debug|Any CPU
		{10D51188-2AD2-79BD-808B-C0C8CA5FB477}.Debug|Any CPU.Build.0 = Debug|Any CPU
		{10D51188-2AD2-79BD-808B-C0C8CA5FB477}.Release|Any CPU.ActiveCfg = Release|Any CPU
		{10D51188-2AD2-79BD-808B-C0C8CA5FB477}.Release|Any CPU.Build.0 = Release|Any CPU
	EndGlobalSection
	GlobalSection(SolutionProperties) = preSolution
		HideSolutionNode = FALSE
	EndGlobalSection
	GlobalSection(ExtensibilityGlobals) = postSolution
		SolutionGuid = {B0BD1E81-D033-49A5-8563-6952C084AC6E}
	EndGlobalSection
EndGlobal
